
Microsoft Visual Studio Solution File, Format Version 12.00
# Visual Studio Version 17
VisualStudioVersion = 17.10.35122.118
MinimumVisualStudioVersion = 10.0.40219.1
Project("{FAE04EC0-301F-11D3-BF4B-00C04F79EFBC}") = "OPVAutoLevel", "OPVAutoLevel\OPVAutoLevel.csproj", "{D08DAC2B-698B-4BBE-9433-DAF7FB10CCFD}"
EndProject
Global
	GlobalSection(SolutionConfigurationPlatforms) = preSolution
		Debug|Any CPU = Debug|Any CPU
		Release|Any CPU = Release|Any CPU
	EndGlobalSection
	GlobalSection(ProjectConfigurationPlatforms) = postSolution
		{D08DAC2B-698B-4BBE-9433-DAF7FB10CCFD}.Debug|Any CPU.ActiveCfg = Debug|Any CPU
		{D08DAC2B-698B-4BBE-9433-DAF7FB10CCFD}.Debug|Any CPU.Build.0 = Debug|Any CPU
		{D08DAC2B-698B-4BBE-9433-DAF7FB10CCFD}.Release|Any CPU.ActiveCfg = Release|Any CPU
		{D08DAC2B-698B-4BBE-9433-DAF7FB10CCFD}.Release|Any CPU.Build.0 = Release|Any CPU
	EndGlobalSection
	GlobalSection(SolutionProperties) = preSolution
		HideSolutionNode = FALSE
	EndGlobalSection
	GlobalSection(ExtensibilityGlobals) = postSolution
		SolutionGuid = {877713F0-A46A-4B8C-B951-BD2FEE6769BC}
	EndGlobalSection
EndGlobal
